// !$*UTF8*$!
{
	archiveVersion = 1;
	classes = {
	};
	objectVersion = 50;
	objects = {

/* Begin PBXBuildFile section */
		F2EDD9BE257D86D1005C32B7 /* AppDelegate.swift in Sources */ = {isa = PBXBuildFile; fileRef = F2EDD9BD257D86D1005C32B7 /* AppDelegate.swift */; };
		F2EDD9C0257D86D1005C32B7 /* SceneDelegate.swift in Sources */ = {isa = PBXBuildFile; fileRef = F2EDD9BF257D86D1005C32B7 /* SceneDelegate.swift */; };
		F2EDD9C2257D86D1005C32B7 /* ViewController.swift in Sources */ = {isa = PBXBuildFile; fileRef = F2EDD9C1257D86D1005C32B7 /* ViewController.swift */; };
		F2EDD9C5257D86D1005C32B7 /* Main.storyboard in Resources */ = {isa = PBXBuildFile; fileRef = F2EDD9C3257D86D1005C32B7 /* Main.storyboard */; };
		F2EDD9C7257D86D2005C32B7 /* Assets.xcassets in Resources */ = {isa = PBXBuildFile; fileRef = F2EDD9C6257D86D2005C32B7 /* Assets.xcassets */; };
		F2EDD9CA257D86D2005C32B7 /* LaunchScreen.storyboard in Resources */ = {isa = PBXBuildFile; fileRef = F2EDD9C8257D86D2005C32B7 /* LaunchScreen.storyboard */; };
/* End PBXBuildFile section */

/* Begin PBXFileReference section */
		F2EDD9BA257D86D1005C32B7 /* ARPlanetarium.app */ = {isa = PBXFileReference; explicitFileType = wrapper.application; includeInIndex = 0; path = ARPlanetarium.app; sourceTree = BUILT_PRODUCTS_DIR; };
		F2EDD9BD257D86D1005C32B7 /* AppDelegate.swift */ = {isa = PBXFileReference; lastKnownFileType = sourcecode.swift; path = AppDelegate.swift; sourceTree = "<group>"; };
		F2EDD9BF257D86D1005C32B7 /* SceneDelegate.swift */ = {isa = PBXFileReference; lastKnownFileType = sourcecode.swift; path = SceneDelegate.swift; sourceTree = "<group>"; };
		F2EDD9C1257D86D1005C32B7 /* ViewController.swift */ = {isa = PBXFileReference; lastKnownFileType = sourcecode.swift; path = ViewController.swift; sourceTree = "<group>"; };
		F2EDD9C4257D86D1005C32B7 /* Base */ = {isa = PBXFileReference; lastKnownFileType = file.storyboard; name = Base; path = Base.lproj/Main.storyboard; sourceTree = "<group>"; };
		F2EDD9C6257D86D2005C32B7 /* Assets.xcassets */ = {isa = PBXFileReference; lastKnownFileType = folder.assetcatalog; path = Assets.xcassets; sourceTree = "<group>"; };
		F2EDD9C9257D86D2005C32B7 /* Base */ = {isa = PBXFileReference; lastKnownFileType = file.storyboard; name = Base; path = Base.lproj/LaunchScreen.storyboard; sourceTree = "<group>"; };
		F2EDD9CB257D86D2005C32B7 /* Info.plist */ = {isa = PBXFileReference; lastKnownFileType = text.plist.xml; path = Info.plist; sourceTree = "<group>"; };
/* End PBXFileReference section */

/* Begin PBXFrameworksBuildPhase section */
		F2EDD9B7257D86D1005C32B7 /* Frameworks */ = {
			isa = PBXFrameworksBuildPhase;
			buildActionMask = 2147483647;
			files = (
			);
			runOnlyForDeploymentPostprocessing = 0;
		};
/* End PBXFrameworksBuildPhase section */

/* Begin PBXGroup section */
		F2EDD9B1257D86D1005C32B7 = {
			isa = PBXGroup;
			children = (
				F2EDD9BC257D86D1005C32B7 /* ARPlanetarium */,
				F2EDD9BB257D86D1005C32B7 /* Products */,
			);
			sourceTree = "<group>";
		};
		F2EDD9BB257D86D1005C32B7 /* Products */ = {
			isa = PBXGroup;
			children = (
				F2EDD9BA257D86D1005C32B7 /* ARPlanetarium.app */,
			);
			name = Products;
			sourceTree = "<group>";
		};
		F2EDD9BC257D86D1005C32B7 /* ARPlanetarium */ = {
			isa = PBXGroup;
			children = (
				F2EDD9BD257D86D1005C32B7 /* AppDelegate.swift */,
				F2EDD9BF257D86D1005C32B7 /* SceneDelegate.swift */,
				F2EDD9C1257D86D1005C32B7 /* ViewController.swift */,
				F2EDD9C3257D86D1005C32B7 /* Main.storyboard */,
				F2EDD9C6257D86D2005C32B7 /* Assets.xcassets */,
				F2EDD9C8257D86D2005C32B7 /* LaunchScreen.storyboard */,
				F2EDD9CB257D86D2005C32B7 /* Info.plist */,
			);
			path = ARPlanetarium;
			sourceTree = "<group>";
		};
/* End PBXGroup section */

/* Begin PBXNativeTarget section */
		F2EDD9B9257D86D1005C32B7 /* ARPlanetarium */ = {
			isa = PBXNativeTarget;
			buildConfigurationList = F2EDD9CE257D86D2005C32B7 /* Build configuration list for PBXNativeTarget "ARPlanetarium" */;
			buildPhases = (
				F2EDD9B6257D86D1005C32B7 /* Sources */,
				F2EDD9B7257D86D1005C32B7 /* Frameworks */,
				F2EDD9B8257D86D1005C32B7 /* Resources */,
			);
			buildRules = (
			);
			dependencies = (
			);
			name = ARPlanetarium;
			productName = ARPlanetarium;
			productReference = F2EDD9BA257D86D1005C32B7 /* ARPlanetarium.app */;
			productType = "com.apple.product-type.application";
		};
/* End PBXNativeTarget section */

/* Begin PBXProject section */
		F2EDD9B2257D86D1005C32B7 /* Project object */ = {
			isa = PBXProject;
			attributes = {
				LastSwiftUpdateCheck = 1210;
				LastUpgradeCheck = 1210;
				TargetAttributes = {
					F2EDD9B9257D86D1005C32B7 = {
						CreatedOnToolsVersion = 12.1;
					};
				};
			};
			buildConfigurationList = F2EDD9B5257D86D1005C32B7 /* Build configuration list for PBXProject "ARPlanetarium" */;
			compatibilityVersion = "Xcode 9.3";
			developmentRegion = en;
			hasScannedForEncodings = 0;
			knownRegions = (
				en,
				Base,
			);
			mainGroup = F2EDD9B1257D86D1005C32B7;
			productRefGroup = F2EDD9BB257D86D1005C32B7 /* Products */;
			projectDirPath = "";
			projectRoot = "";
			targets = (
				F2EDD9B9257D86D1005C32B7 /* ARPlanetarium */,
			);
		};
/* End PBXProject section */

/* Begin PBXResourcesBuildPhase section */
		F2EDD9B8257D86D1005C32B7 /* Resources */ = {
			isa = PBXResourcesBuildPhase;
			buildActionMask = 2147483647;
			files = (
				F2EDD9CA257D86D2005C32B7 /* LaunchScreen.storyboard in Resources */,
				F2EDD9C7257D86D2005C32B7 /* Assets.xcassets in Resources */,
				F2EDD9C5257D86D1005C32B7 /* Main.storyboard in Resources */,
			);
			runOnlyForDeploymentPostprocessing = 0;
		};
/* End PBXResourcesBuildPhase section */

/* Begin PBXSourcesBuildPhase section */
		F2EDD9B6257D86D1005C32B7 /* Sources */ = {
			isa = PBXSourcesBuildPhase;
			buildActionMask = 2147483647;
			files = (
				F2EDD9C2257D86D1005C32B7 /* ViewController.swift in Sources */,
				F2EDD9BE257D86D1005C32B7 /* AppDelegate.swift in Sources */,
				F2EDD9C0257D86D1005C32B7 /* SceneDelegate.swift in Sources */,
			);
			runOnlyForDeploymentPostprocessing = 0;
		};
/* End PBXSourcesBuildPhase section */

/* Begin PBXVariantGroup section */
		F2EDD9C3257D86D1005C32B7 /* Main.storyboard */ = {
			isa = PBXVariantGroup;
			children = (
				F2EDD9C4257D86D1005C32B7 /* Base */,
			);
			name = Main.storyboard;
			sourceTree = "<group>";
		};
		F2EDD9C8257D86D2005C32B7 /* LaunchScreen.storyboard */ = {
			isa = PBXVariantGroup;
			children = (
				F2EDD9C9257D86D2005C32B7 /* Base */,
			);
			name = LaunchScreen.storyboard;
			sourceTree = "<group>";
		};
/* End PBXVariantGroup section */

/* Begin XCBuildConfiguration section */
		F2EDD9CC257D86D2005C32B7 /* Debug */ = {
			isa = XCBuildConfiguration;
			buildSettings = {
				ALWAYS_SEARCH_USER_PATHS = NO;
				CLANG_ANALYZER_NONNULL = YES;
				CLANG_ANALYZER_NUMBER_OBJECT_CONVERSION = YES_AGGRESSIVE;
				CLANG_CXX_LANGUAGE_STANDARD = "gnu++14";
				CLANG_CXX_LIBRARY = "libc++";
				CLANG_ENABLE_MODULES = YES;
				CLANG_ENABLE_OBJC_ARC = YES;
				CLANG_ENABLE_OBJC_WEAK = YES;
				CLANG_WARN_BLOCK_CAPTURE_AUTORELEASING = YES;
				CLANG_WARN_BOOL_CONVERSION = YES;
				CLANG_WARN_COMMA = YES;
				CLANG_WARN_CONSTANT_CONVERSION = YES;
				CLANG_WARN_DEPRECATED_OBJC_IMPLEMENTATIONS = YES;
				CLANG_WARN_DIRECT_OBJC_ISA_USAGE = YES_ERROR;
				CLANG_WARN_DOCUMENTATION_COMMENTS = YES;
				CLANG_WARN_EMPTY_BODY = YES;
				CLANG_WARN_ENUM_CONVERSION = YES;
				CLANG_WARN_INFINITE_RECURSION = YES;
				CLANG_WARN_INT_CONVERSION = YES;
				CLANG_WARN_NON_LITERAL_NULL_CONVERSION = YES;
				CLANG_WARN_OBJC_IMPLICIT_RETAIN_SELF = YES;
				CLANG_WARN_OBJC_LITERAL_CONVERSION = YES;
				CLANG_WARN_OBJC_ROOT_CLASS = YES_ERROR;
				CLANG_WARN_QUOTED_INCLUDE_IN_FRAMEWORK_HEADER = YES;
				CLANG_WARN_RANGE_LOOP_ANALYSIS = YES;
				CLANG_WARN_STRICT_PROTOTYPES = YES;
				CLANG_WARN_SUSPICIOUS_MOVE = YES;
				CLANG_WARN_UNGUARDED_AVAILABILITY = YES_AGGRESSIVE;
				CLANG_WARN_UNREACHABLE_CODE = YES;
				CLANG_WARN__DUPLICATE_METHOD_MATCH = YES;
				COPY_PHASE_STRIP = NO;
				DEBUG_INFORMATION_FORMAT = dwarf;
				ENABLE_STRICT_OBJC_MSGSEND = YES;
				ENABLE_TESTABILITY = YES;
				GCC_C_LANGUAGE_STANDARD = gnu11;
				GCC_DYNAMIC_NO_PIC = NO;
				GCC_NO_COMMON_BLOCKS = YES;
				GCC_OPTIMIZATION_LEVEL = 0;
				GCC_PREPROCESSOR_DEFINITIONS = (
					"DEBUG=1",
					"$(inherited)",
				);
				GCC_WARN_64_TO_32_BIT_CONVERSION = YES;
				GCC_WARN_ABOUT_RETURN_TYPE = YES_ERROR;
				GCC_WARN_UNDECLARED_SELECTOR = YES;
				GCC_WARN_UNINITIALIZED_AUTOS = YES_AGGRESSIVE;
				GCC_WARN_UNUSED_FUNCTION = YES;
				GCC_WARN_UNUSED_VARIABLE = YES;
				IPHONEOS_DEPLOYMENT_TARGET = 14.1;
				MTL_ENABLE_DEBUG_INFO = INCLUDE_SOURCE;
				MTL_FAST_MATH = YES;
				ONLY_ACTIVE_ARCH = YES;
				SDKROOT = iphoneos;
				SWIFT_ACTIVE_COMPILATION_CONDITIONS = DEBUG;
				SWIFT_OPTIMIZATION_LEVEL = "-Onone";
			};
			name = Debug;
		};
		F2EDD9CD257D86D2005C32B7 /* Release */ = {
			isa = XCBuildConfiguration;
			buildSettings = {
				ALWAYS_SEARCH_USER_PATHS = NO;
				CLANG_ANALYZER_NONNULL = YES;
				CLANG_ANALYZER_NUMBER_OBJECT_CONVERSION = YES_AGGRESSIVE;
				CLANG_CXX_LANGUAGE_STANDARD = "gnu++14";
				CLANG_CXX_LIBRARY = "libc++";
				CLANG_ENABLE_MODULES = YES;
				CLANG_ENABLE_OBJC_ARC = YES;
				CLANG_ENABLE_OBJC_WEAK = YES;
				CLANG_WARN_BLOCK_CAPTURE_AUTORELEASING = YES;
				CLANG_WARN_BOOL_CONVERSION = YES;
				CLANG_WARN_COMMA = YES;
				CLANG_WARN_CONSTANT_CONVERSION = YES;
				CLANG_WARN_DEPRECATED_OBJC_IMPLEMENTATIONS = YES;
				CLANG_WARN_DIRECT_OBJC_ISA_USAGE = YES_ERROR;
				CLANG_WARN_DOCUMENTATION_COMMENTS = YES;
				CLANG_WARN_EMPTY_BODY = YES;
				CLANG_WARN_ENUM_CONVERSION = YES;
				CLANG_WARN_INFINITE_RECURSION = YES;
				CLANG_WARN_INT_CONVERSION = YES;
				CLANG_WARN_NON_LITERAL_NULL_CONVERSION = YES;
				CLANG_WARN_OBJC_IMPLICIT_RETAIN_SELF = YES;
				CLANG_WARN_OBJC_LITERAL_CONVERSION = YES;
				CLANG_WARN_OBJC_ROOT_CLASS = YES_ERROR;
				CLANG_WARN_QUOTED_INCLUDE_IN_FRAMEWORK_HEADER = YES;
				CLANG_WARN_RANGE_LOOP_ANALYSIS = YES;
				CLANG_WARN_STRICT_PROTOTYPES = YES;
				CLANG_WARN_SUSPICIOUS_MOVE = YES;
				CLANG_WARN_UNGUARDED_AVAILABILITY = YES_AGGRESSIVE;
				CLANG_WARN_UNREACHABLE_CODE = YES;
				CLANG_WARN__DUPLICATE_METHOD_MATCH = YES;
				COPY_PHASE_STRIP = NO;
				DEBUG_INFORMATION_FORMAT = "dwarf-with-dsym";
				ENABLE_NS_ASSERTIONS = NO;
				ENABLE_STRICT_OBJC_MSGSEND = YES;
				GCC_C_LANGUAGE_STANDARD = gnu11;
				GCC_NO_COMMON_BLOCKS = YES;
				GCC_WARN_64_TO_32_BIT_CONVERSION = YES;
				GCC_WARN_ABOUT_RETURN_TYPE = YES_ERROR;
				GCC_WARN_UNDECLARED_SELECTOR = YES;
				GCC_WARN_UNINITIALIZED_AUTOS = YES_AGGRESSIVE;
				GCC_WARN_UNUSED_FUNCTION = YES;
				GCC_WARN_UNUSED_VARIABLE = YES;
				IPHONEOS_DEPLOYMENT_TARGET = 14.1;
				MTL_ENABLE_DEBUG_INFO = NO;
				MTL_FAST_MATH = YES;
				SDKROOT = iphoneos;
				SWIFT_COMPILATION_MODE = wholemodule;
				SWIFT_OPTIMIZATION_LEVEL = "-O";
				VALIDATE_PRODUCT = YES;
			};
			name = Release;
		};
		F2EDD9CF257D86D2005C32B7 /* Debug */ = {
			isa = XCBuildConfiguration;
			buildSettings = {
				ASSETCATALOG_COMPILER_APPICON_NAME = AppIcon;
				ASSETCATALOG_COMPILER_GLOBAL_ACCENT_COLOR_NAME = AccentColor;
				CODE_SIGN_STYLE = Manual;
				DEVELOPMENT_TEAM = "";
				INFOPLIST_FILE = ARPlanetarium/Info.plist;
				LD_RUNPATH_SEARCH_PATHS = (
					"$(inherited)",
					"@executable_path/Frameworks",
				);
				PRODUCT_BUNDLE_IDENTIFIER = com.oscast.ARPlanetarium;
				PRODUCT_NAME = "$(TARGET_NAME)";
				PROVISIONING_PROFILE_SPECIFIER = "";
				SWIFT_VERSION = 5.0;
				TARGETED_DEVICE_FAMILY = "1,2";
			};
			name = Debug;
		};
		F2EDD9D0257D86D2005C32B7 /* Release */ = {
			isa = XCBuildConfiguration;
			buildSettings = {
				ASSETCATALOG_COMPILER_APPICON_NAME = AppIcon;
				ASSETCATALOG_COMPILER_GLOBAL_ACCENT_COLOR_NAME = AccentColor;
				CODE_SIGN_STYLE = Manual;
				DEVELOPMENT_TEAM = "";
				INFOPLIST_FILE = ARPlanetarium/Info.plist;
				LD_RUNPATH_SEARCH_PATHS = (
					"$(inherited)",
					"@executable_path/Frameworks",
				);
				PRODUCT_BUNDLE_IDENTIFIER = com.oscast.ARPlanetarium;
				PRODUCT_NAME = "$(TARGET_NAME)";
				PROVISIONING_PROFILE_SPECIFIER = "";
				SWIFT_VERSION = 5.0;
				TARGETED_DEVICE_FAMILY = "1,2";
			};
			name = Release;
		};
/* End XCBuildConfiguration section */

/* Begin XCConfigurationList section */
		F2EDD9B5257D86D1005C32B7 /* Build configuration list for PBXProject "ARPlanetarium" */ = {
			isa = XCConfigurationList;
			buildConfigurations = (
				F2EDD9CC257D86D2005C32B7 /* Debug */,
				F2EDD9CD257D86D2005C32B7 /* Release */,
			);
			defaultConfigurationIsVisible = 0;
			defaultConfigurationName = Release;
		};
		F2EDD9CE257D86D2005C32B7 /* Build configuration list for PBXNativeTarget "ARPlanetarium" */ = {
			isa = XCConfigurationList;
			buildConfigurations = (
				F2EDD9CF257D86D2005C32B7 /* Debug */,
				F2EDD9D0257D86D2005C32B7 /* Release */,
			);
			defaultConfigurationIsVisible = 0;
			defaultConfigurationName = Release;
		};
/* End XCConfigurationList section */
	};
	rootObject = F2EDD9B2257D86D1005C32B7 /* Project object */;
}
